
Microsoft Visual Studio Solution File, Format Version 12.00
# Visual Studio Version 17
VisualStudioVersion = 17.3.32804.467
MinimumVisualStudioVersion = 10.0.40219.1
Project("{FAE04EC0-301F-11D3-BF4B-00C04F79EFBC}") = "Veri_Tabanlı_Parti_Secim_Grafik_İstatistik", "Veri_Tabanlı_Parti_Secim_Grafik_İstatistik\Veri_Tabanlı_Parti_Secim_Grafik_İstatistik.csproj", "{B927DF95-CF5D-4920-95EF-4A70ADD25C96}"
EndProject
Global
	GlobalSection(SolutionConfigurationPlatforms) = preSolution
		Debug|Any CPU = Debug|Any CPU
		Release|Any CPU = Release|Any CPU
	EndGlobalSection
	GlobalSection(ProjectConfigurationPlatforms) = postSolution
		{B927DF95-CF5D-4920-95EF-4A70ADD25C96}.Debug|Any CPU.ActiveCfg = Debug|Any CPU
		{B927DF95-CF5D-4920-95EF-4A70ADD25C96}.Debug|Any CPU.Build.0 = Debug|Any CPU
		{B927DF95-CF5D-4920-95EF-4A70ADD25C96}.Release|Any CPU.ActiveCfg = Release|Any CPU
		{B927DF95-CF5D-4920-95EF-4A70ADD25C96}.Release|Any CPU.Build.0 = Release|Any CPU
	EndGlobalSection
	GlobalSection(SolutionProperties) = preSolution
		HideSolutionNode = FALSE
	EndGlobalSection
	GlobalSection(ExtensibilityGlobals) = postSolution
		SolutionGuid = {A7F44C99-A286-4A28-8BFA-9820B5B83102}
	EndGlobalSection
EndGlobal
